
Microsoft Visual Studio Solution File, Format Version 12.00
# Visual Studio Version 17
VisualStudioVersion = 17.4.33205.214
MinimumVisualStudioVersion = 10.0.40219.1
Project("{9A19103F-16F7-4668-BE54-9A1E7A4F7556}") = "PhamMinhThong_B3W_A02", "PhamMinhThong_B3W_A02\PhamMinhThong_B3W_A02.csproj", "{7B78D08C-8FEF-4459-BF83-2ED7D8C27CE0}"
EndProject
Project("{9A19103F-16F7-4668-BE54-9A1E7A4F7556}") = "DAOs", "DAOs\DAOs.csproj", "{D457EC55-DB48-437A-9D1D-63EB034F96A1}"
EndProject
Project("{9A19103F-16F7-4668-BE54-9A1E7A4F7556}") = "BusinessObject", "BusinessObject\BusinessObject.csproj", "{50CD7758-7662-4859-AD08-2D4322329AD9}"
EndProject
Project("{9A19103F-16F7-4668-BE54-9A1E7A4F7556}") = "CarRentingRepositories", "CarRentingRepositories\CarRentingRepositories.csproj", "{BCE28364-7741-4A64-A8BA-56C19FB3D842}"
EndProject
Project("{9A19103F-16F7-4668-BE54-9A1E7A4F7556}") = "CarRentingServices", "CarRentingServices\CarRentingServices.csproj", "{1B77F214-AF37-4C11-8650-C5322FC2675A}"
EndProject
Global
	GlobalSection(SolutionConfigurationPlatforms) = preSolution
		Debug|Any CPU = Debug|Any CPU
		Release|Any CPU = Release|Any CPU
	EndGlobalSection
	GlobalSection(ProjectConfigurationPlatforms) = postSolution
		{7B78D08C-8FEF-4459-BF83-2ED7D8C27CE0}.Debug|Any CPU.ActiveCfg = Debug|Any CPU
		{7B78D08C-8FEF-4459-BF83-2ED7D8C27CE0}.Debug|Any CPU.Build.0 = Debug|Any CPU
		{7B78D08C-8FEF-4459-BF83-2ED7D8C27CE0}.Release|Any CPU.ActiveCfg = Release|Any CPU
		{7B78D08C-8FEF-4459-BF83-2ED7D8C27CE0}.Release|Any CPU.Build.0 = Release|Any CPU
		{D457EC55-DB48-437A-9D1D-63EB034F96A1}.Debug|Any CPU.ActiveCfg = Debug|Any CPU
		{D457EC55-DB48-437A-9D1D-63EB034F96A1}.Debug|Any CPU.Build.0 = Debug|Any CPU
		{D457EC55-DB48-437A-9D1D-63EB034F96A1}.Release|Any CPU.ActiveCfg = Release|Any CPU
		{D457EC55-DB48-437A-9D1D-63EB034F96A1}.Release|Any CPU.Build.0 = Release|Any CPU
		{50CD7758-7662-4859-AD08-2D4322329AD9}.Debug|Any CPU.ActiveCfg = Debug|Any CPU
		{50CD7758-7662-4859-AD08-2D4322329AD9}.Debug|Any CPU.Build.0 = Debug|Any CPU
		{50CD7758-7662-4859-AD08-2D4322329AD9}.Release|Any CPU.ActiveCfg = Release|Any CPU
		{50CD7758-7662-4859-AD08-2D4322329AD9}.Release|Any CPU.Build.0 = Release|Any CPU
		{BCE28364-7741-4A64-A8BA-56C19FB3D842}.Debug|Any CPU.ActiveCfg = Debug|Any CPU
		{BCE28364-7741-4A64-A8BA-56C19FB3D842}.Debug|Any CPU.Build.0 = Debug|Any CPU
		{BCE28364-7741-4A64-A8BA-56C19FB3D842}.Release|Any CPU.ActiveCfg = Release|Any CPU
		{BCE28364-7741-4A64-A8BA-56C19FB3D842}.Release|Any CPU.Build.0 = Release|Any CPU
		{1B77F214-AF37-4C11-8650-C5322FC2675A}.Debug|Any CPU.ActiveCfg = Debug|Any CPU
		{1B77F214-AF37-4C11-8650-C5322FC2675A}.Debug|Any CPU.Build.0 = Debug|Any CPU
		{1B77F214-AF37-4C11-8650-C5322FC2675A}.Release|Any CPU.ActiveCfg = Release|Any CPU
		{1B77F214-AF37-4C11-8650-C5322FC2675A}.Release|Any CPU.Build.0 = Release|Any CPU
	EndGlobalSection
	GlobalSection(SolutionProperties) = preSolution
		HideSolutionNode = FALSE
	EndGlobalSection
	GlobalSection(ExtensibilityGlobals) = postSolution
		SolutionGuid = {3F99FF5C-8E10-42F0-B388-BE18E643C267}
	EndGlobalSection
EndGlobal
